// !$*UTF8*$!
{
	archiveVersion = 1;
	classes = {
	};
	objectVersion = 77;
	objects = {

/* Begin PBXBuildFile section */
		9D2E1FF5303A5C2800BDF1BE /* WidgetKit.framework in Frameworks */ = {isa = PBXBuildFile; fileRef = 9D2E1FD8303A5B7D00BDF1BE /* WidgetKit.framework */; };
		9D2E1FF6303A5C2800BDF1BE /* SwiftUI.framework in Frameworks */ = {isa = PBXBuildFile; fileRef = 9D2E1FDA303A5B7E00BDF1BE /* SwiftUI.framework */; };
		9D2E2001303A5C2800BDF1BE /* NoorWidgetsExtension.appex in Embed Foundation Extensions */ = {isa = PBXBuildFile; fileRef = 9D2E1FF4303A5C2800BDF1BE /* NoorWidgetsExtension.appex */; settings = {ATTRIBUTES = (RemoveHeadersOnCopy, ); }; };
		9D2E200B303A5C4300BDF1BE /* Adhan in Frameworks */ = {isa = PBXBuildFile; productRef = 9D2E200A303A5C4300BDF1BE /* Adhan */; };
		CD1E732091901126F8E740AA /* GRDB in Frameworks */ = {isa = PBXBuildFile; productRef = 2C71CE3FCDE2C2F4A4C3B29E /* GRDB */; };
		D10419A6F6B6EB503A4D7E06 /* Adhan in Frameworks */ = {isa = PBXBuildFile; productRef = F589A7CDDE099DD57049EF07 /* Adhan */; };
/* End PBXBuildFile section */

/* Begin PBXContainerItemProxy section */
		9D285A30302A054500164D4C /* PBXContainerItemProxy */ = {
			isa = PBXContainerItemProxy;
			containerPortal = 9D285A18302A054500164D4C /* Project object */;
			proxyType = 1;
			remoteGlobalIDString = 9D285A1F302A054500164D4C;
			remoteInfo = ThawabForGod;
		};
		9D285A3A302A054500164D4C /* PBXContainerItemProxy */ = {
			isa = PBXContainerItemProxy;
			containerPortal = 9D285A18302A054500164D4C /* Project object */;
			proxyType = 1;
			remoteGlobalIDString = 9D285A1F302A054500164D4C;
			remoteInfo = ThawabForGod;
		};
		9D2E1FFF303A5C2800BDF1BE /* PBXContainerItemProxy */ = {
			isa = PBXContainerItemProxy;
			containerPortal = 9D285A18302A054500164D4C /* Project object */;
			proxyType = 1;
			remoteGlobalIDString = 9D2E1FF3303A5C2800BDF1BE;
			remoteInfo = NoorWidgetsExtension;
		};
/* End PBXContainerItemProxy section */

/* Begin PBXCopyFilesBuildPhase section */
		9D2E1FEF303A5B7E00BDF1BE /* Embed Foundation Extensions */ = {
			isa = PBXCopyFilesBuildPhase;
			buildActionMask = 2147483647;
			dstPath = "";
			dstSubfolderSpec = 13;
			files = (
				9D2E2001303A5C2800BDF1BE /* NoorWidgetsExtension.appex in Embed Foundation Extensions */,
			);
			name = "Embed Foundation Extensions";
			runOnlyForDeploymentPostprocessing = 0;
		};
/* End PBXCopyFilesBuildPhase section */

/* Begin PBXFileReference section */
		9D285A20302A054500164D4C /* ThawabForGod.app */ = {isa = PBXFileReference; explicitFileType = wrapper.application; includeInIndex = 0; path = ThawabForGod.app; sourceTree = BUILT_PRODUCTS_DIR; };
		9D285A2F302A054500164D4C /* ThawabForGodTests.xctest */ = {isa = PBXFileReference; explicitFileType = wrapper.cfbundle; includeInIndex = 0; path = ThawabForGodTests.xctest; sourceTree = BUILT_PRODUCTS_DIR; };
		9D285A39302A054500164D4C /* ThawabForGodUITests.xctest */ = {isa = PBXFileReference; explicitFileType = wrapper.cfbundle; includeInIndex = 0; path = ThawabForGodUITests.xctest; sourceTree = BUILT_PRODUCTS_DIR; };
		9D2E1FD8303A5B7D00BDF1BE /* WidgetKit.framework */ = {isa = PBXFileReference; lastKnownFileType = wrapper.framework; name = WidgetKit.framework; path = System/Library/Frameworks/WidgetKit.framework; sourceTree = SDKROOT; };
		9D2E1FDA303A5B7E00BDF1BE /* SwiftUI.framework */ = {isa = PBXFileReference; lastKnownFileType = wrapper.framework; name = SwiftUI.framework; path = System/Library/Frameworks/SwiftUI.framework; sourceTree = SDKROOT; };
		9D2E1FF4303A5C2800BDF1BE /* NoorWidgetsExtension.appex */ = {isa = PBXFileReference; explicitFileType = "wrapper.app-extension"; includeInIndex = 0; path = NoorWidgetsExtension.appex; sourceTree = BUILT_PRODUCTS_DIR; };
		9D2E2040303A5CDE00BDF1BE /* NoorWidgetsExtension.entitlements */ = {isa = PBXFileReference; lastKnownFileType = text.plist.entitlements; path = NoorWidgetsExtension.entitlements; sourceTree = "<group>"; };
/* End PBXFileReference section */

/* Begin PBXFileSystemSynchronizedBuildFileExceptionSet section */
		9D2E2059303A608F00BDF1BE /* Exceptions for "NoorWidgets" folder in "NoorWidgetsExtension" target */ = {
			isa = PBXFileSystemSynchronizedBuildFileExceptionSet;
			membershipExceptions = (
				Info.plist,
			);
			target = 9D2E1FF3303A5C2800BDF1BE /* NoorWidgetsExtension */;
		};
		9D31A83D3034DB9B00F935B2 /* Exceptions for "ThawabForGod" folder in "ThawabForGod" target */ = {
			isa = PBXFileSystemSynchronizedBuildFileExceptionSet;
			membershipExceptions = (
				Info.plist,
			);
			target = 9D285A1F302A054500164D4C /* ThawabForGod */;
		};
/* End PBXFileSystemSynchronizedBuildFileExceptionSet section */

/* Begin PBXFileSystemSynchronizedRootGroup section */
		9D285A22302A054500164D4C /* ThawabForGod */ = {
			isa = PBXFileSystemSynchronizedRootGroup;
			exceptions = (
				9D31A83D3034DB9B00F935B2 /* Exceptions for "ThawabForGod" folder in "ThawabForGod" target */,
			);
			path = ThawabForGod;
			sourceTree = "<group>";
		};
		9D285A32302A054500164D4C /* ThawabForGodTests */ = {
			isa = PBXFileSystemSynchronizedRootGroup;
			path = ThawabForGodTests;
			sourceTree = "<group>";
		};
		9D285A3C302A054500164D4C /* ThawabForGodUITests */ = {
			isa = PBXFileSystemSynchronizedRootGroup;
			path = ThawabForGodUITests;
			sourceTree = "<group>";
		};
		9D2E1F9E303A5AF900BDF1BE /* Shared */ = {
			isa = PBXFileSystemSynchronizedRootGroup;
			path = Shared;
			sourceTree = "<group>";
		};
		9D2E2058303A5E0800BDF1BE /* NoorWidgets */ = {
			isa = PBXFileSystemSynchronizedRootGroup;
			exceptions = (
				9D2E2059303A608F00BDF1BE /* Exceptions for "NoorWidgets" folder in "NoorWidgetsExtension" target */,
			);
			path = NoorWidgets;
			sourceTree = "<group>";
		};
/* End PBXFileSystemSynchronizedRootGroup section */

/* Begin PBXFrameworksBuildPhase section */
		9D285A1D302A054500164D4C /* Frameworks */ = {
			isa = PBXFrameworksBuildPhase;
			buildActionMask = 2147483647;
			files = (
				D10419A6F6B6EB503A4D7E06 /* Adhan in Frameworks */,
				CD1E732091901126F8E740AA /* GRDB in Frameworks */,
			);
			runOnlyForDeploymentPostprocessing = 0;
		};
		9D285A2C302A054500164D4C /* Frameworks */ = {
			isa = PBXFrameworksBuildPhase;
			buildActionMask = 2147483647;
			files = (
			);
			runOnlyForDeploymentPostprocessing = 0;
		};
		9D285A36302A054500164D4C /* Frameworks */ = {
			isa = PBXFrameworksBuildPhase;
			buildActionMask = 2147483647;
			files = (
			);
			runOnlyForDeploymentPostprocessing = 0;
		};
		9D2E1FF1303A5C2800BDF1BE /* Frameworks */ = {
			isa = PBXFrameworksBuildPhase;
			buildActionMask = 2147483647;
			files = (
				9D2E200B303A5C4300BDF1BE /* Adhan in Frameworks */,
				9D2E1FF6303A5C2800BDF1BE /* SwiftUI.framework in Frameworks */,
				9D2E1FF5303A5C2800BDF1BE /* WidgetKit.framework in Frameworks */,
			);
			runOnlyForDeploymentPostprocessing = 0;
		};
/* End PBXFrameworksBuildPhase section */

/* Begin PBXGroup section */
		9D285A17302A054500164D4C = {
			isa = PBXGroup;
			children = (
				9D2E2040303A5CDE00BDF1BE /* NoorWidgetsExtension.entitlements */,
				9D2E1F9E303A5AF900BDF1BE /* Shared */,
				9D285A22302A054500164D4C /* ThawabForGod */,
				9D285A32302A054500164D4C /* ThawabForGodTests */,
				9D285A3C302A054500164D4C /* ThawabForGodUITests */,
				9D2E2058303A5E0800BDF1BE /* NoorWidgets */,
				9D2E1FD7303A5B7D00BDF1BE /* Frameworks */,
				9D285A21302A054500164D4C /* Products */,
			);
			sourceTree = "<group>";
		};
		9D285A21302A054500164D4C /* Products */ = {
			isa = PBXGroup;
			children = (
				9D285A20302A054500164D4C /* ThawabForGod.app */,
				9D285A2F302A054500164D4C /* ThawabForGodTests.xctest */,
				9D285A39302A054500164D4C /* ThawabForGodUITests.xctest */,
				9D2E1FF4303A5C2800BDF1BE /* NoorWidgetsExtension.appex */,
			);
			name = Products;
			sourceTree = "<group>";
		};
		9D2E1FD7303A5B7D00BDF1BE /* Frameworks */ = {
			isa = PBXGroup;
			children = (
				9D2E1FD8303A5B7D00BDF1BE /* WidgetKit.framework */,
				9D2E1FDA303A5B7E00BDF1BE /* SwiftUI.framework */,
			);
			name = Frameworks;
			sourceTree = "<group>";
		};
/* End PBXGroup section */

/* Begin PBXNativeTarget section */
		9D285A1F302A054500164D4C /* ThawabForGod */ = {
			isa = PBXNativeTarget;
			buildConfigurationList = 9D285A43302A054500164D4C /* Build configuration list for PBXNativeTarget "ThawabForGod" */;
			buildPhases = (
				9D285A1C302A054500164D4C /* Sources */,
				9D285A1D302A054500164D4C /* Frameworks */,
				9D285A1E302A054500164D4C /* Resources */,
				9D2E1FEF303A5B7E00BDF1BE /* Embed Foundation Extensions */,
			);
			buildRules = (
			);
			dependencies = (
				9D2E2000303A5C2800BDF1BE /* PBXTargetDependency */,
			);
			fileSystemSynchronizedGroups = (
				9D285A22302A054500164D4C /* ThawabForGod */,
				9D2E1F9E303A5AF900BDF1BE /* Shared */,
			);
			name = ThawabForGod;
			packageProductDependencies = (
				F589A7CDDE099DD57049EF07 /* Adhan */,
				2C71CE3FCDE2C2F4A4C3B29E /* GRDB */,
			);
			productName = ThawabForGod;
			productReference = 9D285A20302A054500164D4C /* ThawabForGod.app */;
			productType = "com.apple.product-type.application";
		};
		9D285A2E302A054500164D4C /* ThawabForGodTests */ = {
			isa = PBXNativeTarget;
			buildConfigurationList = 9D285A46302A054500164D4C /* Build configuration list for PBXNativeTarget "ThawabForGodTests" */;
			buildPhases = (
				9D285A2B302A054500164D4C /* Sources */,
				9D285A2C302A054500164D4C /* Frameworks */,
				9D285A2D302A054500164D4C /* Resources */,
			);
			buildRules = (
			);
			dependencies = (
				9D285A31302A054500164D4C /* PBXTargetDependency */,
			);
			fileSystemSynchronizedGroups = (
				9D285A32302A054500164D4C /* ThawabForGodTests */,
			);
			name = ThawabForGodTests;
			productName = ThawabForGodTests;
			productReference = 9D285A2F302A054500164D4C /* ThawabForGodTests.xctest */;
			productType = "com.apple.product-type.bundle.unit-test";
		};
		9D285A38302A054500164D4C /* ThawabForGodUITests */ = {
			isa = PBXNativeTarget;
			buildConfigurationList = 9D285A49302A054500164D4C /* Build configuration list for PBXNativeTarget "ThawabForGodUITests" */;
			buildPhases = (
				9D285A35302A054500164D4C /* Sources */,
				9D285A36302A054500164D4C /* Frameworks */,
				9D285A37302A054500164D4C /* Resources */,
			);
			buildRules = (
			);
			dependencies = (
				9D285A3B302A054500164D4C /* PBXTargetDependency */,
			);
			fileSystemSynchronizedGroups = (
				9D285A3C302A054500164D4C /* ThawabForGodUITests */,
			);
			name = ThawabForGodUITests;
			productName = ThawabForGodUITests;
			productReference = 9D285A39302A054500164D4C /* ThawabForGodUITests.xctest */;
			productType = "com.apple.product-type.bundle.ui-testing";
		};
		9D2E1FF3303A5C2800BDF1BE /* NoorWidgetsExtension */ = {
			isa = PBXNativeTarget;
			buildConfigurationList = 9D2E2002303A5C2800BDF1BE /* Build configuration list for PBXNativeTarget "NoorWidgetsExtension" */;
			buildPhases = (
				9D2E1FF0303A5C2800BDF1BE /* Sources */,
				9D2E1FF1303A5C2800BDF1BE /* Frameworks */,
				9D2E1FF2303A5C2800BDF1BE /* Resources */,
			);
			buildRules = (
			);
			dependencies = (
			);
			fileSystemSynchronizedGroups = (
				9D2E1F9E303A5AF900BDF1BE /* Shared */,
				9D2E2058303A5E0800BDF1BE /* NoorWidgets */,
			);
			name = NoorWidgetsExtension;
			packageProductDependencies = (
				9D2E200A303A5C4300BDF1BE /* Adhan */,
			);
			productName = NoorWidgetsExtension;
			productReference = 9D2E1FF4303A5C2800BDF1BE /* NoorWidgetsExtension.appex */;
			productType = "com.apple.product-type.app-extension";
		};
/* End PBXNativeTarget section */

/* Begin PBXProject section */
		9D285A18302A054500164D4C /* Project object */ = {
			isa = PBXProject;
			attributes = {
				BuildIndependentTargetsInParallel = 1;
				LastSwiftUpdateCheck = 2660;
				LastUpgradeCheck = 2660;
				TargetAttributes = {
					9D285A1F302A054500164D4C = {
						CreatedOnToolsVersion = 26.6;
					};
					9D285A2E302A054500164D4C = {
						CreatedOnToolsVersion = 26.6;
						TestTargetID = 9D285A1F302A054500164D4C;
					};
					9D285A38302A054500164D4C = {
						CreatedOnToolsVersion = 26.6;
						TestTargetID = 9D285A1F302A054500164D4C;
					};
					9D2E1FF3303A5C2800BDF1BE = {
						CreatedOnToolsVersion = 26.6;
					};
				};
			};
			buildConfigurationList = 9D285A1B302A054500164D4C /* Build configuration list for PBXProject "ThawabForGod" */;
			developmentRegion = en;
			hasScannedForEncodings = 0;
			knownRegions = (
				en,
				Base,
			);
			mainGroup = 9D285A17302A054500164D4C;
			minimizedProjectReferenceProxies = 1;
			packageReferences = (
				0DD56495FC908CFB1C802C0F /* XCRemoteSwiftPackageReference "adhan-swift" */,
				154AA189234795E98A0AAF35 /* XCRemoteSwiftPackageReference "GRDB" */,
			);
			preferredProjectObjectVersion = 77;
			productRefGroup = 9D285A21302A054500164D4C /* Products */;
			projectDirPath = "";
			projectRoot = "";
			targets = (
				9D285A1F302A054500164D4C /* ThawabForGod */,
				9D285A2E302A054500164D4C /* ThawabForGodTests */,
				9D285A38302A054500164D4C /* ThawabForGodUITests */,
				9D2E1FF3303A5C2800BDF1BE /* NoorWidgetsExtension */,
			);
		};
/* End PBXProject section */

/* Begin PBXResourcesBuildPhase section */
		9D285A1E302A054500164D4C /* Resources */ = {
			isa = PBXResourcesBuildPhase;
			buildActionMask = 2147483647;
			files = (
			);
			runOnlyForDeploymentPostprocessing = 0;
		};
		9D285A2D302A054500164D4C /* Resources */ = {
			isa = PBXResourcesBuildPhase;
			buildActionMask = 2147483647;
			files = (
			);
			runOnlyForDeploymentPostprocessing = 0;
		};
		9D285A37302A054500164D4C /* Resources */ = {
			isa = PBXResourcesBuildPhase;
			buildActionMask = 2147483647;
			files = (
			);
			runOnlyForDeploymentPostprocessing = 0;
		};
		9D2E1FF2303A5C2800BDF1BE /* Resources */ = {
			isa = PBXResourcesBuildPhase;
			buildActionMask = 2147483647;
			files = (
			);
			runOnlyForDeploymentPostprocessing = 0;
		};
/* End PBXResourcesBuildPhase section */

/* Begin PBXSourcesBuildPhase section */
		9D285A1C302A054500164D4C /* Sources */ = {
			isa = PBXSourcesBuildPhase;
			buildActionMask = 2147483647;
			files = (
			);
			runOnlyForDeploymentPostprocessing = 0;
		};
		9D285A2B302A054500164D4C /* Sources */ = {
			isa = PBXSourcesBuildPhase;
			buildActionMask = 2147483647;
			files = (
			);
			runOnlyForDeploymentPostprocessing = 0;
		};
		9D285A35302A054500164D4C /* Sources */ = {
			isa = PBXSourcesBuildPhase;
			buildActionMask = 2147483647;
			files = (
			);
			runOnlyForDeploymentPostprocessing = 0;
		};
		9D2E1FF0303A5C2800BDF1BE /* Sources */ = {
			isa = PBXSourcesBuildPhase;
			buildActionMask = 2147483647;
			files = (
			);
			runOnlyForDeploymentPostprocessing = 0;
		};
/* End PBXSourcesBuildPhase section */

/* Begin PBXTargetDependency section */
		9D285A31302A054500164D4C /* PBXTargetDependency */ = {
			isa = PBXTargetDependency;
			target = 9D285A1F302A054500164D4C /* ThawabForGod */;
			targetProxy = 9D285A30302A054500164D4C /* PBXContainerItemProxy */;
		};
		9D285A3B302A054500164D4C /* PBXTargetDependency */ = {
			isa = PBXTargetDependency;
			target = 9D285A1F302A054500164D4C /* ThawabForGod */;
			targetProxy = 9D285A3A302A054500164D4C /* PBXContainerItemProxy */;
		};
		9D2E2000303A5C2800BDF1BE /* PBXTargetDependency */ = {
			isa = PBXTargetDependency;
			target = 9D2E1FF3303A5C2800BDF1BE /* NoorWidgetsExtension */;
			targetProxy = 9D2E1FFF303A5C2800BDF1BE /* PBXContainerItemProxy */;
		};
/* End PBXTargetDependency section */

/* Begin XCBuildConfiguration section */
		9D285A41302A054500164D4C /* Debug */ = {
			isa = XCBuildConfiguration;
			buildSettings = {
				ALWAYS_SEARCH_USER_PATHS = NO;
				ASSETCATALOG_COMPILER_GENERATE_SWIFT_ASSET_SYMBOL_EXTENSIONS = YES;
				CLANG_ANALYZER_NONNULL = YES;
				CLANG_ANALYZER_NUMBER_OBJECT_CONVERSION = YES_AGGRESSIVE;
				CLANG_CXX_LANGUAGE_STANDARD = "gnu++20";
				CLANG_ENABLE_MODULES = YES;
				CLANG_ENABLE_OBJC_ARC = YES;
				CLANG_ENABLE_OBJC_WEAK = YES;
				CLANG_WARN_BLOCK_CAPTURE_AUTORELEASING = YES;
				CLANG_WARN_BOOL_CONVERSION = YES;
				CLANG_WARN_COMMA = YES;
				CLANG_WARN_CONSTANT_CONVERSION = YES;
				CLANG_WARN_DEPRECATED_OBJC_IMPLEMENTATIONS = YES;
				CLANG_WARN_DIRECT_OBJC_ISA_USAGE = YES_ERROR;
				CLANG_WARN_DOCUMENTATION_COMMENTS = YES;
				CLANG_WARN_EMPTY_BODY = YES;
				CLANG_WARN_ENUM_CONVERSION = YES;
				CLANG_WARN_INFINITE_RECURSION = YES;
				CLANG_WARN_INT_CONVERSION = YES;
				CLANG_WARN_NON_LITERAL_NULL_CONVERSION = YES;
				CLANG_WARN_OBJC_IMPLICIT_RETAIN_SELF = YES;
				CLANG_WARN_OBJC_LITERAL_CONVERSION = YES;
				CLANG_WARN_OBJC_ROOT_CLASS = YES_ERROR;
				CLANG_WARN_QUOTED_INCLUDE_IN_FRAMEWORK_HEADER = YES;
				CLANG_WARN_RANGE_LOOP_ANALYSIS = YES;
				CLANG_WARN_STRICT_PROTOTYPES = YES;
				CLANG_WARN_SUSPICIOUS_MOVE = YES;
				CLANG_WARN_UNGUARDED_AVAILABILITY = YES_AGGRESSIVE;
				CLANG_WARN_UNREACHABLE_CODE = YES;
				CLANG_WARN__DUPLICATE_METHOD_MATCH = YES;
				COPY_PHASE_STRIP = NO;
				DEBUG_INFORMATION_FORMAT = dwarf;
				DEVELOPMENT_TEAM = 4A7J823U6W;
				ENABLE_STRICT_OBJC_MSGSEND = YES;
				ENABLE_TESTABILITY = YES;
				ENABLE_USER_SCRIPT_SANDBOXING = YES;
				GCC_C_LANGUAGE_STANDARD = gnu17;
				GCC_DYNAMIC_NO_PIC = NO;
				GCC_NO_COMMON_BLOCKS = YES;
				GCC_OPTIMIZATION_LEVEL = 0;
				GCC_PREPROCESSOR_DEFINITIONS = (
					"DEBUG=1",
					"$(inherited)",
				);
				GCC_WARN_64_TO_32_BIT_CONVERSION = YES;
				GCC_WARN_ABOUT_RETURN_TYPE = YES_ERROR;
				GCC_WARN_UNDECLARED_SELECTOR = YES;
				GCC_WARN_UNINITIALIZED_AUTOS = YES_AGGRESSIVE;
				GCC_WARN_UNUSED_FUNCTION = YES;
				GCC_WARN_UNUSED_VARIABLE = YES;
				LOCALIZATION_PREFERS_STRING_CATALOGS = YES;
				MTL_ENABLE_DEBUG_INFO = INCLUDE_SOURCE;
				MTL_FAST_MATH = YES;
				ONLY_ACTIVE_ARCH = YES;
				SWIFT_ACTIVE_COMPILATION_CONDITIONS = "DEBUG $(inherited)";
				SWIFT_OPTIMIZATION_LEVEL = "-Onone";
			};
			name = Debug;
		};
		9D285A42302A054500164D4C /* Release */ = {
			isa = XCBuildConfiguration;
			buildSettings = {
				ALWAYS_SEARCH_USER_PATHS = NO;
				ASSETCATALOG_COMPILER_GENERATE_SWIFT_ASSET_SYMBOL_EXTENSIONS = YES;
				CLANG_ANALYZER_NONNULL = YES;
				CLANG_ANALYZER_NUMBER_OBJECT_CONVERSION = YES_AGGRESSIVE;
				CLANG_CXX_LANGUAGE_STANDARD = "gnu++20";
				CLANG_ENABLE_MODULES = YES;
				CLANG_ENABLE_OBJC_ARC = YES;
				CLANG_ENABLE_OBJC_WEAK = YES;
				CLANG_WARN_BLOCK_CAPTURE_AUTORELEASING = YES;
				CLANG_WARN_BOOL_CONVERSION = YES;
				CLANG_WARN_COMMA = YES;
				CLANG_WARN_CONSTANT_CONVERSION = YES;
				CLANG_WARN_DEPRECATED_OBJC_IMPLEMENTATIONS = YES;
				CLANG_WARN_DIRECT_OBJC_ISA_USAGE = YES_ERROR;
				CLANG_WARN_DOCUMENTATION_COMMENTS = YES;
				CLANG_WARN_EMPTY_BODY = YES;
				CLANG_WARN_ENUM_CONVERSION = YES;
				CLANG_WARN_INFINITE_RECURSION = YES;
				CLANG_WARN_INT_CONVERSION = YES;
				CLANG_WARN_NON_LITERAL_NULL_CONVERSION = YES;
				CLANG_WARN_OBJC_IMPLICIT_RETAIN_SELF = YES;
				CLANG_WARN_OBJC_LITERAL_CONVERSION = YES;
				CLANG_WARN_OBJC_ROOT_CLASS = YES_ERROR;
				CLANG_WARN_QUOTED_INCLUDE_IN_FRAMEWORK_HEADER = YES;
				CLANG_WARN_RANGE_LOOP_ANALYSIS = YES;
				CLANG_WARN_STRICT_PROTOTYPES = YES;
				CLANG_WARN_SUSPICIOUS_MOVE = YES;
				CLANG_WARN_UNGUARDED_AVAILABILITY = YES_AGGRESSIVE;
				CLANG_WARN_UNREACHABLE_CODE = YES;
				CLANG_WARN__DUPLICATE_METHOD_MATCH = YES;
				COPY_PHASE_STRIP = NO;
				DEBUG_INFORMATION_FORMAT = "dwarf-with-dsym";
				DEVELOPMENT_TEAM = 4A7J823U6W;
				ENABLE_NS_ASSERTIONS = NO;
				ENABLE_STRICT_OBJC_MSGSEND = YES;
				ENABLE_USER_SCRIPT_SANDBOXING = YES;
				GCC_C_LANGUAGE_STANDARD = gnu17;
				GCC_NO_COMMON_BLOCKS = YES;
				GCC_WARN_64_TO_32_BIT_CONVERSION = YES;
				GCC_WARN_ABOUT_RETURN_TYPE = YES_ERROR;
				GCC_WARN_UNDECLARED_SELECTOR = YES;
				GCC_WARN_UNINITIALIZED_AUTOS = YES_AGGRESSIVE;
				GCC_WARN_UNUSED_FUNCTION = YES;
				GCC_WARN_UNUSED_VARIABLE = YES;
				LOCALIZATION_PREFERS_STRING_CATALOGS = YES;
				MTL_ENABLE_DEBUG_INFO = NO;
				MTL_FAST_MATH = YES;
				SWIFT_COMPILATION_MODE = wholemodule;
			};
			name = Release;
		};
		9D285A44302A054500164D4C /* Debug */ = {
			isa = XCBuildConfiguration;
			buildSettings = {
				ASSETCATALOG_COMPILER_APPICON_NAME = AppIcon;
				ASSETCATALOG_COMPILER_GLOBAL_ACCENT_COLOR_NAME = AccentColor;
				AUTOMATION_APPLE_EVENTS = NO;
				CODE_SIGN_ENTITLEMENTS = ThawabForGod/ThawabForGod.entitlements;
				CODE_SIGN_STYLE = Automatic;
				CURRENT_PROJECT_VERSION = 1;
				DEVELOPMENT_TEAM = 4A7J823U6W;
				ENABLE_APP_SANDBOX = YES;
				ENABLE_HARDENED_RUNTIME = YES;
				ENABLE_PREVIEWS = YES;
				ENABLE_RESOURCE_ACCESS_AUDIO_INPUT = NO;
				ENABLE_RESOURCE_ACCESS_CALENDARS = NO;
				ENABLE_RESOURCE_ACCESS_CAMERA = NO;
				ENABLE_RESOURCE_ACCESS_CONTACTS = NO;
				ENABLE_RESOURCE_ACCESS_LOCATION = YES;
				ENABLE_RESOURCE_ACCESS_PHOTO_LIBRARY = NO;
				ENABLE_USER_SELECTED_FILES = readonly;
				GENERATE_INFOPLIST_FILE = YES;
				INFOPLIST_FILE = ThawabForGod/Info.plist;
				INFOPLIST_KEY_BGTaskSchedulerPermittedIdentifiers = com.Sa3dola.ThawabForGod.refreshReminders;
				INFOPLIST_KEY_CFBundleDisplayName = Noor;
				INFOPLIST_KEY_LSApplicationCategoryType = "public.app-category.reference";
				INFOPLIST_KEY_NSLocationWhenInUseUsageDescription = "Noor uses your location to calculate accurate prayer times and the direction of the Qibla. Your location stays on this device.";
				"INFOPLIST_KEY_UIApplicationSceneManifest_Generation[sdk=iphoneos*]" = YES;
				"INFOPLIST_KEY_UIApplicationSceneManifest_Generation[sdk=iphonesimulator*]" = YES;
				"INFOPLIST_KEY_UIApplicationSupportsIndirectInputEvents[sdk=iphoneos*]" = YES;
				"INFOPLIST_KEY_UIApplicationSupportsIndirectInputEvents[sdk=iphonesimulator*]" = YES;
				"INFOPLIST_KEY_UILaunchScreen_Generation[sdk=iphoneos*]" = YES;
				"INFOPLIST_KEY_UILaunchScreen_Generation[sdk=iphonesimulator*]" = YES;
				"INFOPLIST_KEY_UIStatusBarStyle[sdk=iphoneos*]" = UIStatusBarStyleDefault;
				"INFOPLIST_KEY_UIStatusBarStyle[sdk=iphonesimulator*]" = UIStatusBarStyleDefault;
				INFOPLIST_KEY_UISupportedInterfaceOrientations_iPad = "UIInterfaceOrientationPortrait UIInterfaceOrientationPortraitUpsideDown UIInterfaceOrientationLandscapeLeft UIInterfaceOrientationLandscapeRight";
				INFOPLIST_KEY_UISupportedInterfaceOrientations_iPhone = "UIInterfaceOrientationPortrait UIInterfaceOrientationLandscapeLeft UIInterfaceOrientationLandscapeRight";
				IPHONEOS_DEPLOYMENT_TARGET = 17.0;
				LD_RUNPATH_SEARCH_PATHS = "@executable_path/Frameworks";
				"LD_RUNPATH_SEARCH_PATHS[sdk=macosx*]" = "@executable_path/../Frameworks";
				MACOSX_DEPLOYMENT_TARGET = 15.0;
				MARKETING_VERSION = 1.0;
				PRODUCT_BUNDLE_IDENTIFIER = com.Sa3dola.ThawabForGod;
				PRODUCT_NAME = "$(TARGET_NAME)";
				REGISTER_APP_GROUPS = YES;
				RUNTIME_EXCEPTION_ALLOW_DYLD_ENVIRONMENT_VARIABLES = NO;
				RUNTIME_EXCEPTION_ALLOW_JIT = NO;
				RUNTIME_EXCEPTION_ALLOW_UNSIGNED_EXECUTABLE_MEMORY = NO;
				RUNTIME_EXCEPTION_DEBUGGING_TOOL = NO;
				RUNTIME_EXCEPTION_DISABLE_EXECUTABLE_PAGE_PROTECTION = NO;
				RUNTIME_EXCEPTION_DISABLE_LIBRARY_VALIDATION = NO;
				SDKROOT = auto;
				STRING_CATALOG_GENERATE_SYMBOLS = YES;
				SUPPORTED_PLATFORMS = "iphoneos iphonesimulator macosx";
				SUPPORTS_MACCATALYST = NO;
				SWIFT_APPROACHABLE_CONCURRENCY = YES;
				SWIFT_DEFAULT_ACTOR_ISOLATION = MainActor;
				SWIFT_EMIT_LOC_STRINGS = YES;
				SWIFT_UPCOMING_FEATURE_MEMBER_IMPORT_VISIBILITY = YES;
				SWIFT_VERSION = 5.0;
				TARGETED_DEVICE_FAMILY = "1,2";
			};
			name = Debug;
		};
		9D285A45302A054500164D4C /* Release */ = {
			isa = XCBuildConfiguration;
			buildSettings = {
				ASSETCATALOG_COMPILER_APPICON_NAME = AppIcon;
				ASSETCATALOG_COMPILER_GLOBAL_ACCENT_COLOR_NAME = AccentColor;
				AUTOMATION_APPLE_EVENTS = NO;
				CODE_SIGN_ENTITLEMENTS = ThawabForGod/ThawabForGod.entitlements;
				CODE_SIGN_STYLE = Automatic;
				CURRENT_PROJECT_VERSION = 1;
				DEVELOPMENT_TEAM = 4A7J823U6W;
				ENABLE_APP_SANDBOX = YES;
				ENABLE_HARDENED_RUNTIME = YES;
				ENABLE_PREVIEWS = YES;
				ENABLE_RESOURCE_ACCESS_AUDIO_INPUT = NO;
				ENABLE_RESOURCE_ACCESS_CALENDARS = NO;
				ENABLE_RESOURCE_ACCESS_CAMERA = NO;
				ENABLE_RESOURCE_ACCESS_CONTACTS = NO;
				ENABLE_RESOURCE_ACCESS_LOCATION = YES;
				ENABLE_RESOURCE_ACCESS_PHOTO_LIBRARY = NO;
				ENABLE_USER_SELECTED_FILES = readonly;
				GENERATE_INFOPLIST_FILE = YES;
				INFOPLIST_FILE = ThawabForGod/Info.plist;
				INFOPLIST_KEY_BGTaskSchedulerPermittedIdentifiers = com.Sa3dola.ThawabForGod.refreshReminders;
				INFOPLIST_KEY_CFBundleDisplayName = Noor;
				INFOPLIST_KEY_LSApplicationCategoryType = "public.app-category.reference";
				INFOPLIST_KEY_NSLocationWhenInUseUsageDescription = "Noor uses your location to calculate accurate prayer times and the direction of the Qibla. Your location stays on this device.";
				"INFOPLIST_KEY_UIApplicationSceneManifest_Generation[sdk=iphoneos*]" = YES;
				"INFOPLIST_KEY_UIApplicationSceneManifest_Generation[sdk=iphonesimulator*]" = YES;
				"INFOPLIST_KEY_UIApplicationSupportsIndirectInputEvents[sdk=iphoneos*]" = YES;
				"INFOPLIST_KEY_UIApplicationSupportsIndirectInputEvents[sdk=iphonesimulator*]" = YES;
				"INFOPLIST_KEY_UILaunchScreen_Generation[sdk=iphoneos*]" = YES;
				"INFOPLIST_KEY_UILaunchScreen_Generation[sdk=iphonesimulator*]" = YES;
				"INFOPLIST_KEY_UIStatusBarStyle[sdk=iphoneos*]" = UIStatusBarStyleDefault;
				"INFOPLIST_KEY_UIStatusBarStyle[sdk=iphonesimulator*]" = UIStatusBarStyleDefault;
				INFOPLIST_KEY_UISupportedInterfaceOrientations_iPad = "UIInterfaceOrientationPortrait UIInterfaceOrientationPortraitUpsideDown UIInterfaceOrientationLandscapeLeft UIInterfaceOrientationLandscapeRight";
				INFOPLIST_KEY_UISupportedInterfaceOrientations_iPhone = "UIInterfaceOrientationPortrait UIInterfaceOrientationLandscapeLeft UIInterfaceOrientationLandscapeRight";
				IPHONEOS_DEPLOYMENT_TARGET = 17.0;
				LD_RUNPATH_SEARCH_PATHS = "@executable_path/Frameworks";
				"LD_RUNPATH_SEARCH_PATHS[sdk=macosx*]" = "@executable_path/../Frameworks";
				MACOSX_DEPLOYMENT_TARGET = 15.0;
				MARKETING_VERSION = 1.0;
				PRODUCT_BUNDLE_IDENTIFIER = com.Sa3dola.ThawabForGod;
				PRODUCT_NAME = "$(TARGET_NAME)";
				REGISTER_APP_GROUPS = YES;
				RUNTIME_EXCEPTION_ALLOW_DYLD_ENVIRONMENT_VARIABLES = NO;
				RUNTIME_EXCEPTION_ALLOW_JIT = NO;
				RUNTIME_EXCEPTION_ALLOW_UNSIGNED_EXECUTABLE_MEMORY = NO;
				RUNTIME_EXCEPTION_DEBUGGING_TOOL = NO;
				RUNTIME_EXCEPTION_DISABLE_EXECUTABLE_PAGE_PROTECTION = NO;
				RUNTIME_EXCEPTION_DISABLE_LIBRARY_VALIDATION = NO;
				SDKROOT = auto;
				STRING_CATALOG_GENERATE_SYMBOLS = YES;
				SUPPORTED_PLATFORMS = "iphoneos iphonesimulator macosx";
				SUPPORTS_MACCATALYST = NO;
				SWIFT_APPROACHABLE_CONCURRENCY = YES;
				SWIFT_DEFAULT_ACTOR_ISOLATION = MainActor;
				SWIFT_EMIT_LOC_STRINGS = YES;
				SWIFT_UPCOMING_FEATURE_MEMBER_IMPORT_VISIBILITY = YES;
				SWIFT_VERSION = 5.0;
				TARGETED_DEVICE_FAMILY = "1,2";
			};
			name = Release;
		};
		9D285A47302A054500164D4C /* Debug */ = {
			isa = XCBuildConfiguration;
			buildSettings = {
				BUNDLE_LOADER = "$(TEST_HOST)";
				CODE_SIGN_STYLE = Automatic;
				CURRENT_PROJECT_VERSION = 1;
				DEVELOPMENT_TEAM = 4A7J823U6W;
				GENERATE_INFOPLIST_FILE = YES;
				IPHONEOS_DEPLOYMENT_TARGET = 17.0;
				MACOSX_DEPLOYMENT_TARGET = 15.0;
				MARKETING_VERSION = 1.0;
				PRODUCT_BUNDLE_IDENTIFIER = com.Sa3dola.ThawabForGodTests;
				PRODUCT_NAME = "$(TARGET_NAME)";
				SDKROOT = auto;
				STRING_CATALOG_GENERATE_SYMBOLS = NO;
				SUPPORTED_PLATFORMS = "iphoneos iphonesimulator macosx";
				SUPPORTS_MACCATALYST = NO;
				SWIFT_APPROACHABLE_CONCURRENCY = YES;
				SWIFT_EMIT_LOC_STRINGS = NO;
				SWIFT_UPCOMING_FEATURE_MEMBER_IMPORT_VISIBILITY = YES;
				SWIFT_VERSION = 5.0;
				TARGETED_DEVICE_FAMILY = "1,2";
				TEST_HOST = "$(BUILT_PRODUCTS_DIR)/ThawabForGod.app/$(BUNDLE_EXECUTABLE_FOLDER_PATH)/ThawabForGod";
			};
			name = Debug;
		};
		9D285A48302A054500164D4C /* Release */ = {
			isa = XCBuildConfiguration;
			buildSettings = {
				BUNDLE_LOADER = "$(TEST_HOST)";
				CODE_SIGN_STYLE = Automatic;
				CURRENT_PROJECT_VERSION = 1;
				DEVELOPMENT_TEAM = 4A7J823U6W;
				GENERATE_INFOPLIST_FILE = YES;
				IPHONEOS_DEPLOYMENT_TARGET = 17.0;
				MACOSX_DEPLOYMENT_TARGET = 15.0;
				MARKETING_VERSION = 1.0;
				PRODUCT_BUNDLE_IDENTIFIER = com.Sa3dola.ThawabForGodTests;
				PRODUCT_NAME = "$(TARGET_NAME)";
				SDKROOT = auto;
				STRING_CATALOG_GENERATE_SYMBOLS = NO;
				SUPPORTED_PLATFORMS = "iphoneos iphonesimulator macosx";
				SUPPORTS_MACCATALYST = NO;
				SWIFT_APPROACHABLE_CONCURRENCY = YES;
				SWIFT_EMIT_LOC_STRINGS = NO;
				SWIFT_UPCOMING_FEATURE_MEMBER_IMPORT_VISIBILITY = YES;
				SWIFT_VERSION = 5.0;
				TARGETED_DEVICE_FAMILY = "1,2";
				TEST_HOST = "$(BUILT_PRODUCTS_DIR)/ThawabForGod.app/$(BUNDLE_EXECUTABLE_FOLDER_PATH)/ThawabForGod";
			};
			name = Release;
		};
		9D285A4A302A054500164D4C /* Debug */ = {
			isa = XCBuildConfiguration;
			buildSettings = {
				CODE_SIGN_STYLE = Automatic;
				CURRENT_PROJECT_VERSION = 1;
				DEVELOPMENT_TEAM = 4A7J823U6W;
				GENERATE_INFOPLIST_FILE = YES;
				IPHONEOS_DEPLOYMENT_TARGET = 17.0;
				MACOSX_DEPLOYMENT_TARGET = 15.0;
				MARKETING_VERSION = 1.0;
				PRODUCT_BUNDLE_IDENTIFIER = com.Sa3dola.ThawabForGodUITests;
				PRODUCT_NAME = "$(TARGET_NAME)";
				SDKROOT = auto;
				STRING_CATALOG_GENERATE_SYMBOLS = NO;
				SUPPORTED_PLATFORMS = "iphoneos iphonesimulator macosx";
				SUPPORTS_MACCATALYST = NO;
				SWIFT_APPROACHABLE_CONCURRENCY = YES;
				SWIFT_EMIT_LOC_STRINGS = NO;
				SWIFT_UPCOMING_FEATURE_MEMBER_IMPORT_VISIBILITY = YES;
				SWIFT_VERSION = 5.0;
				TARGETED_DEVICE_FAMILY = "1,2";
				TEST_TARGET_NAME = ThawabForGod;
			};
			name = Debug;
		};
		9D285A4B302A054500164D4C /* Release */ = {
			isa = XCBuildConfiguration;
			buildSettings = {
				CODE_SIGN_STYLE = Automatic;
				CURRENT_PROJECT_VERSION = 1;
				DEVELOPMENT_TEAM = 4A7J823U6W;
				GENERATE_INFOPLIST_FILE = YES;
				IPHONEOS_DEPLOYMENT_TARGET = 17.0;
				MACOSX_DEPLOYMENT_TARGET = 15.0;
				MARKETING_VERSION = 1.0;
				PRODUCT_BUNDLE_IDENTIFIER = com.Sa3dola.ThawabForGodUITests;
				PRODUCT_NAME = "$(TARGET_NAME)";
				SDKROOT = auto;
				STRING_CATALOG_GENERATE_SYMBOLS = NO;
				SUPPORTED_PLATFORMS = "iphoneos iphonesimulator macosx";
				SUPPORTS_MACCATALYST = NO;
				SWIFT_APPROACHABLE_CONCURRENCY = YES;
				SWIFT_EMIT_LOC_STRINGS = NO;
				SWIFT_UPCOMING_FEATURE_MEMBER_IMPORT_VISIBILITY = YES;
				SWIFT_VERSION = 5.0;
				TARGETED_DEVICE_FAMILY = "1,2";
				TEST_TARGET_NAME = ThawabForGod;
			};
			name = Release;
		};
		9D2E2003303A5C2800BDF1BE /* Debug */ = {
			isa = XCBuildConfiguration;
			buildSettings = {
				ASSETCATALOG_COMPILER_GLOBAL_ACCENT_COLOR_NAME = AccentColor;
				ASSETCATALOG_COMPILER_WIDGET_BACKGROUND_COLOR_NAME = WidgetBackground;
				CODE_SIGN_ENTITLEMENTS = NoorWidgetsExtension.entitlements;
				CODE_SIGN_STYLE = Automatic;
				CURRENT_PROJECT_VERSION = 1;
				DEVELOPMENT_TEAM = 4A7J823U6W;
				ENABLE_APP_SANDBOX = YES;
				ENABLE_HARDENED_RUNTIME = YES;
				GENERATE_INFOPLIST_FILE = YES;
				INFOPLIST_FILE = NoorWidgets/Info.plist;
				INFOPLIST_KEY_CFBundleDisplayName = NoorWidgets;
				INFOPLIST_KEY_NSHumanReadableCopyright = "";
				IPHONEOS_DEPLOYMENT_TARGET = 17.0;
				LD_RUNPATH_SEARCH_PATHS = (
					"$(inherited)",
					"@executable_path/Frameworks",
					"@executable_path/../../Frameworks",
				);
				"LD_RUNPATH_SEARCH_PATHS[sdk=macosx*]" = (
					"$(inherited)",
					"@executable_path/../Frameworks",
					"@executable_path/../../../../Frameworks",
				);
				MACOSX_DEPLOYMENT_TARGET = 15.0;
				MARKETING_VERSION = 1.0;
				PRODUCT_BUNDLE_IDENTIFIER = com.Sa3dola.ThawabForGod.NoorWidgets;
				PRODUCT_NAME = "$(TARGET_NAME)";
				REGISTER_APP_GROUPS = YES;
				SDKROOT = auto;
				SKIP_INSTALL = YES;
				STRING_CATALOG_GENERATE_SYMBOLS = YES;
				SUPPORTED_PLATFORMS = "iphoneos iphonesimulator macosx";
				SUPPORTS_MACCATALYST = NO;
				SWIFT_APPROACHABLE_CONCURRENCY = YES;
				SWIFT_DEFAULT_ACTOR_ISOLATION = MainActor;
				SWIFT_EMIT_LOC_STRINGS = YES;
				SWIFT_UPCOMING_FEATURE_MEMBER_IMPORT_VISIBILITY = YES;
				SWIFT_VERSION = 5.0;
				TARGETED_DEVICE_FAMILY = "1,2";
				XROS_DEPLOYMENT_TARGET = 26.5;
			};
			name = Debug;
		};
		9D2E2004303A5C2800BDF1BE /* Release */ = {
			isa = XCBuildConfiguration;
			buildSettings = {
				ASSETCATALOG_COMPILER_GLOBAL_ACCENT_COLOR_NAME = AccentColor;
				ASSETCATALOG_COMPILER_WIDGET_BACKGROUND_COLOR_NAME = WidgetBackground;
				CODE_SIGN_ENTITLEMENTS = NoorWidgetsExtension.entitlements;
				CODE_SIGN_STYLE = Automatic;
				CURRENT_PROJECT_VERSION = 1;
				DEVELOPMENT_TEAM = 4A7J823U6W;
				ENABLE_APP_SANDBOX = YES;
				ENABLE_HARDENED_RUNTIME = YES;
				GENERATE_INFOPLIST_FILE = YES;
				INFOPLIST_FILE = NoorWidgets/Info.plist;
				INFOPLIST_KEY_CFBundleDisplayName = NoorWidgets;
				INFOPLIST_KEY_NSHumanReadableCopyright = "";
				IPHONEOS_DEPLOYMENT_TARGET = 17.0;
				LD_RUNPATH_SEARCH_PATHS = (
					"$(inherited)",
					"@executable_path/Frameworks",
					"@executable_path/../../Frameworks",
				);
				"LD_RUNPATH_SEARCH_PATHS[sdk=macosx*]" = (
					"$(inherited)",
					"@executable_path/../Frameworks",
					"@executable_path/../../../../Frameworks",
				);
				MACOSX_DEPLOYMENT_TARGET = 15.0;
				MARKETING_VERSION = 1.0;
				PRODUCT_BUNDLE_IDENTIFIER = com.Sa3dola.ThawabForGod.NoorWidgets;
				PRODUCT_NAME = "$(TARGET_NAME)";
				REGISTER_APP_GROUPS = YES;
				SDKROOT = auto;
				SKIP_INSTALL = YES;
				STRING_CATALOG_GENERATE_SYMBOLS = YES;
				SUPPORTED_PLATFORMS = "iphoneos iphonesimulator macosx";
				SUPPORTS_MACCATALYST = NO;
				SWIFT_APPROACHABLE_CONCURRENCY = YES;
				SWIFT_DEFAULT_ACTOR_ISOLATION = MainActor;
				SWIFT_EMIT_LOC_STRINGS = YES;
				SWIFT_UPCOMING_FEATURE_MEMBER_IMPORT_VISIBILITY = YES;
				SWIFT_VERSION = 5.0;
				TARGETED_DEVICE_FAMILY = "1,2";
				XROS_DEPLOYMENT_TARGET = 26.5;
			};
			name = Release;
		};
/* End XCBuildConfiguration section */

/* Begin XCConfigurationList section */
		9D285A1B302A054500164D4C /* Build configuration list for PBXProject "ThawabForGod" */ = {
			isa = XCConfigurationList;
			buildConfigurations = (
				9D285A41302A054500164D4C /* Debug */,
				9D285A42302A054500164D4C /* Release */,
			);
			defaultConfigurationIsVisible = 0;
			defaultConfigurationName = Release;
		};
		9D285A43302A054500164D4C /* Build configuration list for PBXNativeTarget "ThawabForGod" */ = {
			isa = XCConfigurationList;
			buildConfigurations = (
				9D285A44302A054500164D4C /* Debug */,
				9D285A45302A054500164D4C /* Release */,
			);
			defaultConfigurationIsVisible = 0;
			defaultConfigurationName = Release;
		};
		9D285A46302A054500164D4C /* Build configuration list for PBXNativeTarget "ThawabForGodTests" */ = {
			isa = XCConfigurationList;
			buildConfigurations = (
				9D285A47302A054500164D4C /* Debug */,
				9D285A48302A054500164D4C /* Release */,
			);
			defaultConfigurationIsVisible = 0;
			defaultConfigurationName = Release;
		};
		9D285A49302A054500164D4C /* Build configuration list for PBXNativeTarget "ThawabForGodUITests" */ = {
			isa = XCConfigurationList;
			buildConfigurations = (
				9D285A4A302A054500164D4C /* Debug */,
				9D285A4B302A054500164D4C /* Release */,
			);
			defaultConfigurationIsVisible = 0;
			defaultConfigurationName = Release;
		};
		9D2E2002303A5C2800BDF1BE /* Build configuration list for PBXNativeTarget "NoorWidgetsExtension" */ = {
			isa = XCConfigurationList;
			buildConfigurations = (
				9D2E2003303A5C2800BDF1BE /* Debug */,
				9D2E2004303A5C2800BDF1BE /* Release */,
			);
			defaultConfigurationIsVisible = 0;
			defaultConfigurationName = Release;
		};
/* End XCConfigurationList section */

/* Begin XCRemoteSwiftPackageReference section */
		0DD56495FC908CFB1C802C0F /* XCRemoteSwiftPackageReference "adhan-swift" */ = {
			isa = XCRemoteSwiftPackageReference;
			repositoryURL = "https://github.com/batoulapps/adhan-swift";
			requirement = {
				kind = upToNextMajorVersion;
				minimumVersion = 1.5.0;
			};
		};
		154AA189234795E98A0AAF35 /* XCRemoteSwiftPackageReference "GRDB" */ = {
			isa = XCRemoteSwiftPackageReference;
			repositoryURL = "https://github.com/groue/GRDB.swift";
			requirement = {
				kind = upToNextMajorVersion;
				minimumVersion = 7.0.0;
			};
		};
/* End XCRemoteSwiftPackageReference section */

/* Begin XCSwiftPackageProductDependency section */
		2C71CE3FCDE2C2F4A4C3B29E /* GRDB */ = {
			isa = XCSwiftPackageProductDependency;
			package = 154AA189234795E98A0AAF35 /* XCRemoteSwiftPackageReference "GRDB" */;
			productName = GRDB;
		};
		9D2E200A303A5C4300BDF1BE /* Adhan */ = {
			isa = XCSwiftPackageProductDependency;
			package = 0DD56495FC908CFB1C802C0F /* XCRemoteSwiftPackageReference "adhan-swift" */;
			productName = Adhan;
		};
		F589A7CDDE099DD57049EF07 /* Adhan */ = {
			isa = XCSwiftPackageProductDependency;
			package = 0DD56495FC908CFB1C802C0F /* XCRemoteSwiftPackageReference "adhan-swift" */;
			productName = Adhan;
		};
/* End XCSwiftPackageProductDependency section */
	};
	rootObject = 9D285A18302A054500164D4C /* Project object */;
}
